
Microsoft Visual Studio Solution File, Format Version 12.00
# Visual Studio Version 17
VisualStudioVersion = 17.9.34518.117
MinimumVisualStudioVersion = 10.0.40219.1
Project("{FAE04EC0-301F-11D3-BF4B-00C04F79EFBC}") = "BankingSystem", "BankingSystem.csproj", "{27F0BE55-9559-4C3D-A422-432950D9CBE9}"
EndProject
Global
	GlobalSection(SolutionConfigurationPlatforms) = preSolution
		Debug|Any CPU = Debug|Any CPU
		Release|Any CPU = Release|Any CPU
	EndGlobalSection
	GlobalSection(ProjectConfigurationPlatforms) = postSolution
		{27F0BE55-9559-4C3D-A422-432950D9CBE9}.Debug|Any CPU.ActiveCfg = Debug|Any CPU
		{27F0BE55-9559-4C3D-A422-432950D9CBE9}.Debug|Any CPU.Build.0 = Debug|Any CPU
		{27F0BE55-9559-4C3D-A422-432950D9CBE9}.Release|Any CPU.ActiveCfg = Release|Any CPU
		{27F0BE55-9559-4C3D-A422-432950D9CBE9}.Release|Any CPU.Build.0 = Release|Any CPU
	EndGlobalSection
	GlobalSection(SolutionProperties) = preSolution
		HideSolutionNode = FALSE
	EndGlobalSection
	GlobalSection(ExtensibilityGlobals) = postSolution
		SolutionGuid = {C5C32F0F-7745-42A1-B509-D5E25920FB9D}
	EndGlobalSection
EndGlobal
